
Microsoft Visual Studio Solution File, Format Version 12.00
# Visual Studio 14
VisualStudioVersion = 14.0.25420.1
MinimumVisualStudioVersion = 10.0.40219.1
Project("{2150E333-8FDC-42A3-9474-1A3956D46DE8}") = "src", "src", "{A413B0D2-A279-4F2C-B9E6-C0D7BDC350CB}"
EndProject
Project("{2150E333-8FDC-42A3-9474-1A3956D46DE8}") = "Solution Items", "Solution Items", "{F5279E7F-A877-4DD1-BFF3-390A852790CD}"
	ProjectSection(SolutionItems) = preProject
		global.json = global.json
	EndProjectSection
EndProject
Project("{8BB2217D-0F2D-49D1-97BC-3654ED321F3B}") = "StartingOutWithTDD", "src\ConsoleApp1\StartingOutWithTDD.xproj", "{702141D1-2CB7-493D-9408-C67E6F3BEAB6}"
EndProject
Global
	GlobalSection(SolutionConfigurationPlatforms) = preSolution
		Debug|Any CPU = Debug|Any CPU
		Release|Any CPU = Release|Any CPU
	EndGlobalSection
	GlobalSection(ProjectConfigurationPlatforms) = postSolution
		{702141D1-2CB7-493D-9408-C67E6F3BEAB6}.Debug|Any CPU.ActiveCfg = Debug|Any CPU
		{702141D1-2CB7-493D-9408-C67E6F3BEAB6}.Debug|Any CPU.Build.0 = Debug|Any CPU
		{702141D1-2CB7-493D-9408-C67E6F3BEAB6}.Release|Any CPU.ActiveCfg = Release|Any CPU
		{702141D1-2CB7-493D-9408-C67E6F3BEAB6}.Release|Any CPU.Build.0 = Release|Any CPU
	EndGlobalSection
	GlobalSection(SolutionProperties) = preSolution
		HideSolutionNode = FALSE
	EndGlobalSection
	GlobalSection(NestedProjects) = preSolution
		{702141D1-2CB7-493D-9408-C67E6F3BEAB6} = {A413B0D2-A279-4F2C-B9E6-C0D7BDC350CB}
	EndGlobalSection
EndGlobal
